Microsoft Visual Studio Solution File, Format Version 12.00
# Visual Studio Version 17
VisualStudioVersion = 17.13.35825.156
MinimumVisualStudioVersion = 10.0.40219.1
Project("{FAE04EC0-301F-11D3-BF4B-00C04F79EFBC}") = "BulkyRazorPages", "BulkyRazorPages\BulkyRazorPages.csproj", "{0E4A8C8B-9378-4963-9132-0FF670945A87}"
EndProject
Global
	GlobalSection(SolutionConfigurationPlatforms) = preSolution
		Debug|Any CPU = Debug|Any CPU
		Release|Any CPU = Release|Any CPU
	EndGlobalSection
	GlobalSection(ProjectConfigurationPlatforms) = postSolution
		{0E4A8C8B-9378-4963-9132-0FF670945A87}.Debug|Any CPU.ActiveCfg = Debug|Any CPU
		{0E4A8C8B-9378-4963-9132-0FF670945A87}.Debug|Any CPU.Build.0 = Debug|Any CPU
		{0E4A8C8B-9378-4963-9132-0FF670945A87}.Release|Any CPU.ActiveCfg = Release|Any CPU
		{0E4A8C8B-9378-4963-9132-0FF670945A87}.Release|Any CPU.Build.0 = Release|Any CPU
	EndGlobalSection
	GlobalSection(SolutionProperties) = preSolution
		HideSolutionNode = FALSE
	EndGlobalSection
	GlobalSection(ExtensibilityGlobals) = postSolution
		SolutionGuid = {99C6A7E5-1B6B-485F-9CCF-EF9D3CC3E64B}
	EndGlobalSection
EndGlobal
